
Microsoft Visual Studio Solution File, Format Version 12.00
# Visual Studio Version 17
VisualStudioVersion = 17.8.34309.116
MinimumVisualStudioVersion = 10.0.40219.1
Project("{9A19103F-16F7-4668-BE54-9A1E7A4F7556}") = "Auction-Web-Api", "Auction-Web-Api\Auction-Web-Api.csproj", "{64754123-B19D-4ADD-867C-A6B967005FC9}"
EndProject
Project("{FAE04EC0-301F-11D3-BF4B-00C04F79EFBC}") = "Auction-Web-Api-Tests", "Auction-Web-Api-Tests\Auction-Web-Api-Tests.csproj", "{6989E404-91F7-4F64-8DA8-D0CB8457B256}"
EndProject
Global
	GlobalSection(SolutionConfigurationPlatforms) = preSolution
		Debug|Any CPU = Debug|Any CPU
		Release|Any CPU = Release|Any CPU
	EndGlobalSection
	GlobalSection(ProjectConfigurationPlatforms) = postSolution
		{64754123-B19D-4ADD-867C-A6B967005FC9}.Debug|Any CPU.ActiveCfg = Debug|Any CPU
		{64754123-B19D-4ADD-867C-A6B967005FC9}.Debug|Any CPU.Build.0 = Debug|Any CPU
		{64754123-B19D-4ADD-867C-A6B967005FC9}.Release|Any CPU.ActiveCfg = Release|Any CPU
		{64754123-B19D-4ADD-867C-A6B967005FC9}.Release|Any CPU.Build.0 = Release|Any CPU
		{6989E404-91F7-4F64-8DA8-D0CB8457B256}.Debug|Any CPU.ActiveCfg = Debug|Any CPU
		{6989E404-91F7-4F64-8DA8-D0CB8457B256}.Debug|Any CPU.Build.0 = Debug|Any CPU
		{6989E404-91F7-4F64-8DA8-D0CB8457B256}.Release|Any CPU.ActiveCfg = Release|Any CPU
		{6989E404-91F7-4F64-8DA8-D0CB8457B256}.Release|Any CPU.Build.0 = Release|Any CPU
	EndGlobalSection
	GlobalSection(SolutionProperties) = preSolution
		HideSolutionNode = FALSE
	EndGlobalSection
	GlobalSection(ExtensibilityGlobals) = postSolution
		SolutionGuid = {64F334B1-8751-4DA7-A838-D95193446855}
	EndGlobalSection
EndGlobal
